
Microsoft Visual Studio Solution File, Format Version 12.00
# Visual Studio Version 17
VisualStudioVersion = 17.8.34525.116
MinimumVisualStudioVersion = 10.0.40219.1
Project("{FAE04EC0-301F-11D3-BF4B-00C04F79EFBC}") = "Ödev18", "Ödev18.csproj", "{B868D91A-7117-4247-80C4-D611D4A52475}"
EndProject
Global
	GlobalSection(SolutionConfigurationPlatforms) = preSolution
		Debug|Any CPU = Debug|Any CPU
		Release|Any CPU = Release|Any CPU
	EndGlobalSection
	GlobalSection(ProjectConfigurationPlatforms) = postSolution
		{B868D91A-7117-4247-80C4-D611D4A52475}.Debug|Any CPU.ActiveCfg = Debug|Any CPU
		{B868D91A-7117-4247-80C4-D611D4A52475}.Debug|Any CPU.Build.0 = Debug|Any CPU
		{B868D91A-7117-4247-80C4-D611D4A52475}.Release|Any CPU.ActiveCfg = Release|Any CPU
		{B868D91A-7117-4247-80C4-D611D4A52475}.Release|Any CPU.Build.0 = Release|Any CPU
	EndGlobalSection
	GlobalSection(SolutionProperties) = preSolution
		HideSolutionNode = FALSE
	EndGlobalSection
	GlobalSection(ExtensibilityGlobals) = postSolution
		SolutionGuid = {A07C9652-8880-43C9-8792-E8ABD49097AC}
	EndGlobalSection
EndGlobal
