
Microsoft Visual Studio Solution File, Format Version 12.00
# Visual Studio Version 17
VisualStudioVersion = 17.8.34525.116
MinimumVisualStudioVersion = 10.0.40219.1
Project("{FAE04EC0-301F-11D3-BF4B-00C04F79EFBC}") = "Ödev6", "Ödev6.csproj", "{295BD3BA-179C-418A-B6EE-A49D19CD4DC6}"
EndProject
Global
	GlobalSection(SolutionConfigurationPlatforms) = preSolution
		Debug|Any CPU = Debug|Any CPU
		Release|Any CPU = Release|Any CPU
	EndGlobalSection
	GlobalSection(ProjectConfigurationPlatforms) = postSolution
		{295BD3BA-179C-418A-B6EE-A49D19CD4DC6}.Debug|Any CPU.ActiveCfg = Debug|Any CPU
		{295BD3BA-179C-418A-B6EE-A49D19CD4DC6}.Debug|Any CPU.Build.0 = Debug|Any CPU
		{295BD3BA-179C-418A-B6EE-A49D19CD4DC6}.Release|Any CPU.ActiveCfg = Release|Any CPU
		{295BD3BA-179C-418A-B6EE-A49D19CD4DC6}.Release|Any CPU.Build.0 = Release|Any CPU
	EndGlobalSection
	GlobalSection(SolutionProperties) = preSolution
		HideSolutionNode = FALSE
	EndGlobalSection
	GlobalSection(ExtensibilityGlobals) = postSolution
		SolutionGuid = {9E0C16FB-EECB-4BCC-BADC-DB9DFF61BACB}
	EndGlobalSection
EndGlobal
