
Microsoft Visual Studio Solution File, Format Version 12.00
# Visual Studio Version 17
VisualStudioVersion = 17.8.34525.116
MinimumVisualStudioVersion = 10.0.40219.1
Project("{FAE04EC0-301F-11D3-BF4B-00C04F79EFBC}") = "Ödev10", "Ödev10.csproj", "{13463156-A1C5-43EF-9AA0-582656418C42}"
EndProject
Global
	GlobalSection(SolutionConfigurationPlatforms) = preSolution
		Debug|Any CPU = Debug|Any CPU
		Release|Any CPU = Release|Any CPU
	EndGlobalSection
	GlobalSection(ProjectConfigurationPlatforms) = postSolution
		{13463156-A1C5-43EF-9AA0-582656418C42}.Debug|Any CPU.ActiveCfg = Debug|Any CPU
		{13463156-A1C5-43EF-9AA0-582656418C42}.Debug|Any CPU.Build.0 = Debug|Any CPU
		{13463156-A1C5-43EF-9AA0-582656418C42}.Release|Any CPU.ActiveCfg = Release|Any CPU
		{13463156-A1C5-43EF-9AA0-582656418C42}.Release|Any CPU.Build.0 = Release|Any CPU
	EndGlobalSection
	GlobalSection(SolutionProperties) = preSolution
		HideSolutionNode = FALSE
	EndGlobalSection
	GlobalSection(ExtensibilityGlobals) = postSolution
		SolutionGuid = {3A4DE4C1-26D7-47A8-941D-7F807C37C875}
	EndGlobalSection
EndGlobal
