
Microsoft Visual Studio Solution File, Format Version 12.00
# Visual Studio Version 17
VisualStudioVersion = 17.8.34525.116
MinimumVisualStudioVersion = 10.0.40219.1
Project("{FAE04EC0-301F-11D3-BF4B-00C04F79EFBC}") = "Ödev3", "Ödev3.csproj", "{42D60CA3-4F93-4F55-B52F-BA9BE45291DF}"
EndProject
Global
	GlobalSection(SolutionConfigurationPlatforms) = preSolution
		Debug|Any CPU = Debug|Any CPU
		Release|Any CPU = Release|Any CPU
	EndGlobalSection
	GlobalSection(ProjectConfigurationPlatforms) = postSolution
		{42D60CA3-4F93-4F55-B52F-BA9BE45291DF}.Debug|Any CPU.ActiveCfg = Debug|Any CPU
		{42D60CA3-4F93-4F55-B52F-BA9BE45291DF}.Debug|Any CPU.Build.0 = Debug|Any CPU
		{42D60CA3-4F93-4F55-B52F-BA9BE45291DF}.Release|Any CPU.ActiveCfg = Release|Any CPU
		{42D60CA3-4F93-4F55-B52F-BA9BE45291DF}.Release|Any CPU.Build.0 = Release|Any CPU
	EndGlobalSection
	GlobalSection(SolutionProperties) = preSolution
		HideSolutionNode = FALSE
	EndGlobalSection
	GlobalSection(ExtensibilityGlobals) = postSolution
		SolutionGuid = {3CB54B6A-19B7-42BD-B108-CE66C5F22710}
	EndGlobalSection
EndGlobal
