
Microsoft Visual Studio Solution File, Format Version 12.00
# Visual Studio Version 17
VisualStudioVersion = 17.8.34525.116
MinimumVisualStudioVersion = 10.0.40219.1
Project("{FAE04EC0-301F-11D3-BF4B-00C04F79EFBC}") = "Ödev13", "Ödev13.csproj", "{96D169D9-2A4B-49AE-808E-EDA892979CCA}"
EndProject
Global
	GlobalSection(SolutionConfigurationPlatforms) = preSolution
		Debug|Any CPU = Debug|Any CPU
		Release|Any CPU = Release|Any CPU
	EndGlobalSection
	GlobalSection(ProjectConfigurationPlatforms) = postSolution
		{96D169D9-2A4B-49AE-808E-EDA892979CCA}.Debug|Any CPU.ActiveCfg = Debug|Any CPU
		{96D169D9-2A4B-49AE-808E-EDA892979CCA}.Debug|Any CPU.Build.0 = Debug|Any CPU
		{96D169D9-2A4B-49AE-808E-EDA892979CCA}.Release|Any CPU.ActiveCfg = Release|Any CPU
		{96D169D9-2A4B-49AE-808E-EDA892979CCA}.Release|Any CPU.Build.0 = Release|Any CPU
	EndGlobalSection
	GlobalSection(SolutionProperties) = preSolution
		HideSolutionNode = FALSE
	EndGlobalSection
	GlobalSection(ExtensibilityGlobals) = postSolution
		SolutionGuid = {8AA3CC43-59AF-40F5-B4B0-5F3FD569E61D}
	EndGlobalSection
EndGlobal
