
Microsoft Visual Studio Solution File, Format Version 12.00
# Visual Studio Version 17
VisualStudioVersion = 17.8.34525.116
MinimumVisualStudioVersion = 10.0.40219.1
Project("{FAE04EC0-301F-11D3-BF4B-00C04F79EFBC}") = "Ödev16", "Ödev16.csproj", "{C943F5CE-D488-4CC0-A217-D19D67B916A4}"
EndProject
Global
	GlobalSection(SolutionConfigurationPlatforms) = preSolution
		Debug|Any CPU = Debug|Any CPU
		Release|Any CPU = Release|Any CPU
	EndGlobalSection
	GlobalSection(ProjectConfigurationPlatforms) = postSolution
		{C943F5CE-D488-4CC0-A217-D19D67B916A4}.Debug|Any CPU.ActiveCfg = Debug|Any CPU
		{C943F5CE-D488-4CC0-A217-D19D67B916A4}.Debug|Any CPU.Build.0 = Debug|Any CPU
		{C943F5CE-D488-4CC0-A217-D19D67B916A4}.Release|Any CPU.ActiveCfg = Release|Any CPU
		{C943F5CE-D488-4CC0-A217-D19D67B916A4}.Release|Any CPU.Build.0 = Release|Any CPU
	EndGlobalSection
	GlobalSection(SolutionProperties) = preSolution
		HideSolutionNode = FALSE
	EndGlobalSection
	GlobalSection(ExtensibilityGlobals) = postSolution
		SolutionGuid = {C1C1E2DA-083C-4319-BF6F-912F60205518}
	EndGlobalSection
EndGlobal
